
Microsoft Visual Studio Solution File, Format Version 12.00
# Visual Studio Version 17
VisualStudioVersion = 17.8.34525.116
MinimumVisualStudioVersion = 10.0.40219.1
Project("{FAE04EC0-301F-11D3-BF4B-00C04F79EFBC}") = "RimTools", "RimTools\RimTools.csproj", "{3B13D166-CB7C-4BAE-9C45-8818C5F8402C}"
EndProject
Global
	GlobalSection(SolutionConfigurationPlatforms) = preSolution
		Debug|Any CPU = Debug|Any CPU
		Release|Any CPU = Release|Any CPU
	EndGlobalSection
	GlobalSection(ProjectConfigurationPlatforms) = postSolution
		{3B13D166-CB7C-4BAE-9C45-8818C5F8402C}.Debug|Any CPU.ActiveCfg = Debug|Any CPU
		{3B13D166-CB7C-4BAE-9C45-8818C5F8402C}.Debug|Any CPU.Build.0 = Debug|Any CPU
		{3B13D166-CB7C-4BAE-9C45-8818C5F8402C}.Release|Any CPU.ActiveCfg = Release|Any CPU
		{3B13D166-CB7C-4BAE-9C45-8818C5F8402C}.Release|Any CPU.Build.0 = Release|Any CPU
	EndGlobalSection
	GlobalSection(SolutionProperties) = preSolution
		HideSolutionNode = FALSE
	EndGlobalSection
	GlobalSection(ExtensibilityGlobals) = postSolution
		SolutionGuid = {328EF92C-F4A2-4915-B7EB-F00C302C8E3F}
	EndGlobalSection
EndGlobal
